
Microsoft Visual Studio Solution File, Format Version 12.00
# Visual Studio 15
VisualStudioVersion = 15.0.28307.168
MinimumVisualStudioVersion = 10.0.40219.1
Project("{2150E333-8FDC-42A3-9474-1A3956D46DE8}") = "Src", "Src", "{A6B77267-9309-490A-B4D2-84273C4A94A5}"
EndProject
Project("{2150E333-8FDC-42A3-9474-1A3956D46DE8}") = "Persistence", "Persistence", "{B404580C-2A01-431D-A81C-C1E30C05F0F5}"
EndProject
Project("{2150E333-8FDC-42A3-9474-1A3956D46DE8}") = "App", "App", "{BCE82E53-6A13-4D2C-BFFC-32EB8BC85B7C}"
EndProject
Project("{2150E333-8FDC-42A3-9474-1A3956D46DE8}") = "Services", "Services", "{246775B5-D51E-498D-B05A-FE839340C4CC}"
EndProject
Project("{FAE04EC0-301F-11D3-BF4B-00C04F79EFBC}") = "Persistence.Context", "Persistence.Context\Persistence.Context.csproj", "{E95B299C-727F-40F4-92F0-1C7D0F6D9341}"
EndProject
Project("{2150E333-8FDC-42A3-9474-1A3956D46DE8}") = "UnitTest", "UnitTest", "{2162EFA4-F09C-4040-95E4-0B92F9DDCE6B}"
EndProject
Project("{FAE04EC0-301F-11D3-BF4B-00C04F79EFBC}") = "UnitTestProject", "UnitTestProject\UnitTestProject.csproj", "{05DDF683-DCBA-4D26-84D4-CC05E771CAF5}"
EndProject
Project("{FAE04EC0-301F-11D3-BF4B-00C04F79EFBC}") = "Services.EmployeeTrack", "Services.EmployeeTrack\Services.EmployeeTrack.csproj", "{4B3DEAC3-FC81-4CCA-B136-2626CAF0AB50}"
EndProject
Project("{FAE04EC0-301F-11D3-BF4B-00C04F79EFBC}") = "App.Web", "App.Web\App.Web.csproj", "{73887637-BEDB-4337-8D8C-CFD24807FEE9}"
EndProject
Project("{FAE04EC0-301F-11D3-BF4B-00C04F79EFBC}") = "App.Web.Tests", "App.Web.Tests\App.Web.Tests.csproj", "{B3A79590-AAB9-4E20-B6EA-4D52947EE8E1}"
EndProject
Global
	GlobalSection(SolutionConfigurationPlatforms) = preSolution
		Debug|Any CPU = Debug|Any CPU
		Release|Any CPU = Release|Any CPU
	EndGlobalSection
	GlobalSection(ProjectConfigurationPlatforms) = postSolution
		{E95B299C-727F-40F4-92F0-1C7D0F6D9341}.Debug|Any CPU.ActiveCfg = Debug|Any CPU
		{E95B299C-727F-40F4-92F0-1C7D0F6D9341}.Debug|Any CPU.Build.0 = Debug|Any CPU
		{E95B299C-727F-40F4-92F0-1C7D0F6D9341}.Release|Any CPU.ActiveCfg = Release|Any CPU
		{E95B299C-727F-40F4-92F0-1C7D0F6D9341}.Release|Any CPU.Build.0 = Release|Any CPU
		{05DDF683-DCBA-4D26-84D4-CC05E771CAF5}.Debug|Any CPU.ActiveCfg = Debug|Any CPU
		{05DDF683-DCBA-4D26-84D4-CC05E771CAF5}.Debug|Any CPU.Build.0 = Debug|Any CPU
		{05DDF683-DCBA-4D26-84D4-CC05E771CAF5}.Release|Any CPU.ActiveCfg = Release|Any CPU
		{05DDF683-DCBA-4D26-84D4-CC05E771CAF5}.Release|Any CPU.Build.0 = Release|Any CPU
		{4B3DEAC3-FC81-4CCA-B136-2626CAF0AB50}.Debug|Any CPU.ActiveCfg = Debug|Any CPU
		{4B3DEAC3-FC81-4CCA-B136-2626CAF0AB50}.Debug|Any CPU.Build.0 = Debug|Any CPU
		{4B3DEAC3-FC81-4CCA-B136-2626CAF0AB50}.Release|Any CPU.ActiveCfg = Release|Any CPU
		{4B3DEAC3-FC81-4CCA-B136-2626CAF0AB50}.Release|Any CPU.Build.0 = Release|Any CPU
		{73887637-BEDB-4337-8D8C-CFD24807FEE9}.Debug|Any CPU.ActiveCfg = Debug|Any CPU
		{73887637-BEDB-4337-8D8C-CFD24807FEE9}.Debug|Any CPU.Build.0 = Debug|Any CPU
		{73887637-BEDB-4337-8D8C-CFD24807FEE9}.Release|Any CPU.ActiveCfg = Release|Any CPU
		{73887637-BEDB-4337-8D8C-CFD24807FEE9}.Release|Any CPU.Build.0 = Release|Any CPU
		{B3A79590-AAB9-4E20-B6EA-4D52947EE8E1}.Debug|Any CPU.ActiveCfg = Debug|Any CPU
		{B3A79590-AAB9-4E20-B6EA-4D52947EE8E1}.Debug|Any CPU.Build.0 = Debug|Any CPU
		{B3A79590-AAB9-4E20-B6EA-4D52947EE8E1}.Release|Any CPU.ActiveCfg = Release|Any CPU
		{B3A79590-AAB9-4E20-B6EA-4D52947EE8E1}.Release|Any CPU.Build.0 = Release|Any CPU
	EndGlobalSection
	GlobalSection(SolutionProperties) = preSolution
		HideSolutionNode = FALSE
	EndGlobalSection
	GlobalSection(NestedProjects) = preSolution
		{B404580C-2A01-431D-A81C-C1E30C05F0F5} = {A6B77267-9309-490A-B4D2-84273C4A94A5}
		{BCE82E53-6A13-4D2C-BFFC-32EB8BC85B7C} = {A6B77267-9309-490A-B4D2-84273C4A94A5}
		{246775B5-D51E-498D-B05A-FE839340C4CC} = {A6B77267-9309-490A-B4D2-84273C4A94A5}
		{E95B299C-727F-40F4-92F0-1C7D0F6D9341} = {B404580C-2A01-431D-A81C-C1E30C05F0F5}
		{05DDF683-DCBA-4D26-84D4-CC05E771CAF5} = {2162EFA4-F09C-4040-95E4-0B92F9DDCE6B}
		{4B3DEAC3-FC81-4CCA-B136-2626CAF0AB50} = {246775B5-D51E-498D-B05A-FE839340C4CC}
		{73887637-BEDB-4337-8D8C-CFD24807FEE9} = {BCE82E53-6A13-4D2C-BFFC-32EB8BC85B7C}
		{B3A79590-AAB9-4E20-B6EA-4D52947EE8E1} = {2162EFA4-F09C-4040-95E4-0B92F9DDCE6B}
	EndGlobalSection
	GlobalSection(ExtensibilityGlobals) = postSolution
		SolutionGuid = {3DB7B4A9-2B21-4D42-9C75-EE218509E9B8}
	EndGlobalSection
EndGlobal
